
Microsoft Visual Studio Solution File, Format Version 12.00
# Visual Studio Version 17
VisualStudioVersion = 17.3.32922.545
MinimumVisualStudioVersion = 10.0.40219.1
Project("{FAE04EC0-301F-11D3-BF4B-00C04F79EFBC}") = "PantallasPCs", "PantallasPCs\PantallasPCs.csproj", "{A728015A-F907-46B6-88DF-A92D03902262}"
EndProject
Global
	GlobalSection(SolutionConfigurationPlatforms) = preSolution
		Debug|Any CPU = Debug|Any CPU
		Release|Any CPU = Release|Any CPU
	EndGlobalSection
	GlobalSection(ProjectConfigurationPlatforms) = postSolution
		{A728015A-F907-46B6-88DF-A92D03902262}.Debug|Any CPU.ActiveCfg = Debug|Any CPU
		{A728015A-F907-46B6-88DF-A92D03902262}.Debug|Any CPU.Build.0 = Debug|Any CPU
		{A728015A-F907-46B6-88DF-A92D03902262}.Release|Any CPU.ActiveCfg = Release|Any CPU
		{A728015A-F907-46B6-88DF-A92D03902262}.Release|Any CPU.Build.0 = Release|Any CPU
	EndGlobalSection
	GlobalSection(SolutionProperties) = preSolution
		HideSolutionNode = FALSE
	EndGlobalSection
	GlobalSection(ExtensibilityGlobals) = postSolution
		SolutionGuid = {C881AC01-E561-49A2-9D1A-E2FC1DA3321C}
	EndGlobalSection
EndGlobal
